{
  "nodes": {
    "flake-compat": {
      "flake": false,
      "locked": {
        "lastModified": 1767039857,
        "narHash": "sha256-vNpUSpF5Nuw8xvDLj2KCwwksIbjua2LZCqhV1LNRDns=",
        "owner": "NixOS",
        "repo": "flake-compat",
        "rev": "5edf11c44bc78a0d334f6334cdaf7d60d732daab",
        "type": "github"
      },
      "original": {
        "owner": "NixOS",
        "repo": "flake-compat",
        "type": "github"
      }
    },
    "flake-parts": {
      "inputs": {
        "nixpkgs-lib": "nixpkgs-lib"
      },
      "locked": {
        "lastModified": 1782949081,
        "narHash": "sha256-vp6Y/Grm98ESt6ceOkWiHWyZRDV3J1RID4w+6NWK9yA=",
        "owner": "hercules-ci",
        "repo": "flake-parts",
        "rev": "17c9d6cdfc60c64f4ee8d306f9bc0b4ccb51481e",
        "type": "github"
      },
      "original": {
        "owner": "hercules-ci",
        "repo": "flake-parts",
        "type": "github"
      }
    },
    "flake-parts_2": {
      "inputs": {
        "nixpkgs-lib": [
          "nixvim",
          "nixpkgs"
        ]
      },
      "locked": {
        "lastModified": 1782949081,
        "narHash": "sha256-vp6Y/Grm98ESt6ceOkWiHWyZRDV3J1RID4w+6NWK9yA=",
        "owner": "hercules-ci",
        "repo": "flake-parts",
        "rev": "17c9d6cdfc60c64f4ee8d306f9bc0b4ccb51481e",
        "type": "github"
      },
      "original": {
        "owner": "hercules-ci",
        "repo": "flake-parts",
        "type": "github"
      }
    },
    "nixpkgs": {
      "locked": {
        "lastModified": 1782723713,
        "narHash": "sha256-oPXCU/SSUokcGaJREHibG1CBX3+s/W7orDWQOZDsEeQ=",
        "owner": "nixos",
        "repo": "nixpkgs",
        "rev": "b5aa0fbd538984f6e3d201be0005b4463d8b09f8",
        "type": "github"
      },
      "original": {
        "owner": "nixos",
        "ref": "nixos-unstable",
        "repo": "nixpkgs",
        "type": "github"
      }
    },
    "nixpkgs-lib": {
      "locked": {
        "lastModified": 1782614948,
        "narHash": "sha256-ePjCwr1sNm9NYUqywL7QfK3JnlS015msC+eBu2zKlp8=",
        "owner": "nix-community",
        "repo": "nixpkgs.lib",
        "rev": "db3f255737b94216eb71cce308e2912cf6bc2d7c",
        "type": "github"
      },
      "original": {
        "owner": "nix-community",
        "repo": "nixpkgs.lib",
        "type": "github"
      }
    },
    "nixvim": {
      "inputs": {
        "flake-parts": "flake-parts_2",
        "nixpkgs": [
          "nixpkgs"
        ],
        "systems": "systems"
      },
      "locked": {
        "lastModified": 1783008629,
        "narHash": "sha256-09BjomDm95T6kMWbzceSwOvnsyUGYAUJ0kvfx4jcPww=",
        "owner": "nix-community",
        "repo": "nixvim",
        "rev": "e52f93e175e63e4b9bfefd53b051a18f12217bed",
        "type": "github"
      },
      "original": {
        "owner": "nix-community",
        "repo": "nixvim",
        "type": "github"
      }
    },
    "plugin-hlchunk-nvim": {
      "flake": false,
      "locked": {
        "lastModified": 1778151909,
        "narHash": "sha256-ETsuiYjTR4JF/4RVqRXJHLtcoalEaFinHxxD4Ww34xU=",
        "owner": "shellRaining",
        "repo": "hlchunk.nvim",
        "rev": "06f51922ca43d5cdacf96725c106405fe064c59e",
        "type": "github"
      },
      "original": {
        "owner": "shellRaining",
        "repo": "hlchunk.nvim",
        "type": "github"
      }
    },
    "plugin-snipe-nvim": {
      "flake": false,
      "locked": {
        "lastModified": 1758225774,
        "narHash": "sha256-dgAlf30eP8a4MP41lk3RLgSo1dbXQx5C8qbXpg1F2+o=",
        "owner": "leath-dub",
        "repo": "snipe.nvim",
        "rev": "d2d196c335919767803f905d573ce66340e33ee6",
        "type": "github"
      },
      "original": {
        "owner": "leath-dub",
        "repo": "snipe.nvim",
        "type": "github"
      }
    },
    "plugin-suda-vim": {
      "flake": false,
      "locked": {
        "lastModified": 1761712150,
        "narHash": "sha256-ycodyNmEtPDDDFZ/91E8Josm3Oz7NtTiOMisTfd1reU=",
        "owner": "lambdalisue",
        "repo": "vim-suda",
        "rev": "c492741b4679b3cdd4d9e34138209784e061d916",
        "type": "github"
      },
      "original": {
        "owner": "lambdalisue",
        "repo": "vim-suda",
        "type": "github"
      }
    },
    "plugin-visual-surround-nvim": {
      "flake": false,
      "locked": {
        "lastModified": 1765021034,
        "narHash": "sha256-sTF6gNiPhtEcaw14/T4LjXPfgCc+QN3J9T+an3xCssI=",
        "owner": "NStefan002",
        "repo": "visual-surround.nvim",
        "rev": "79ad15fde05006093ed971808158efb62a77944a",
        "type": "github"
      },
      "original": {
        "owner": "NStefan002",
        "repo": "visual-surround.nvim",
        "type": "github"
      }
    },
    "pre-commit-hooks": {
      "inputs": {
        "flake-compat": "flake-compat",
        "nixpkgs": [
          "nixpkgs"
        ]
      },
      "locked": {
        "lastModified": 1783008725,
        "narHash": "sha256-jGiy6+sxjNWXSjp25uoJuNfyH9zBK1PEDY0lVoL4ibQ=",
        "owner": "cachix",
        "repo": "pre-commit-hooks.nix",
        "rev": "bca82caa46d5ec0f5d422c61fb1e30bc51313cbe",
        "type": "github"
      },
      "original": {
        "owner": "cachix",
        "repo": "pre-commit-hooks.nix",
        "type": "github"
      }
    },
    "root": {
      "inputs": {
        "flake-parts": "flake-parts",
        "nixpkgs": "nixpkgs",
        "nixvim": "nixvim",
        "plugin-hlchunk-nvim": "plugin-hlchunk-nvim",
        "plugin-snipe-nvim": "plugin-snipe-nvim",
        "plugin-suda-vim": "plugin-suda-vim",
        "plugin-visual-surround-nvim": "plugin-visual-surround-nvim",
        "pre-commit-hooks": "pre-commit-hooks"
      }
    },
    "systems": {
      "locked": {
        "lastModified": 1774449309,
        "narHash": "sha256-brhZ8DmuGtzkCYHJg4HEd602amKm89Y9ytsFZ5uWD1w=",
        "owner": "nix-systems",
        "repo": "default",
        "rev": "c29398b59d2048c4ab79345812849c9bd15e9150",
        "type": "github"
      },
      "original": {
        "owner": "nix-systems",
        "ref": "future-26.11",
        "repo": "default",
        "type": "github"
      }
    }
  },
  "root": "root",
  "version": 7
}
